
Microsoft Visual Studio Solution File, Format Version 12.00
# Visual Studio 2015
Project("{FAE04EC0-301F-11D3-BF4B-00C04F79EFBC}") = "2Dsem4.CSharp.Plugins", "2Dsem4.CSharp.Plugins.csproj", "{08E01B87-B067-9E07-FE01-987270308727}"
EndProject
Project("{FAE04EC0-301F-11D3-BF4B-00C04F79EFBC}") = "2Dsem4.CSharp", "2Dsem4.CSharp.csproj", "{836F5695-504D-A8C8-0E78-D158FC444F5E}"
EndProject
Global
	GlobalSection(SolutionConfigurationPlatforms) = preSolution
		Debug|Any CPU = Debug|Any CPU
		Release|Any CPU = Release|Any CPU
	EndGlobalSection
	GlobalSection(ProjectConfigurationPlatforms) = postSolution
		{08E01B87-B067-9E07-FE01-987270308727}.Debug|Any CPU.ActiveCfg = Debug|Any CPU
		{08E01B87-B067-9E07-FE01-987270308727}.Debug|Any CPU.Build.0 = Debug|Any CPU
		{08E01B87-B067-9E07-FE01-987270308727}.Release|Any CPU.ActiveCfg = Release|Any CPU
		{08E01B87-B067-9E07-FE01-987270308727}.Release|Any CPU.Build.0 = Release|Any CPU
		{836F5695-504D-A8C8-0E78-D158FC444F5E}.Debug|Any CPU.ActiveCfg = Debug|Any CPU
		{836F5695-504D-A8C8-0E78-D158FC444F5E}.Debug|Any CPU.Build.0 = Debug|Any CPU
		{836F5695-504D-A8C8-0E78-D158FC444F5E}.Release|Any CPU.ActiveCfg = Release|Any CPU
		{836F5695-504D-A8C8-0E78-D158FC444F5E}.Release|Any CPU.Build.0 = Release|Any CPU
	EndGlobalSection
	GlobalSection(SolutionProperties) = preSolution
		HideSolutionNode = FALSE
	EndGlobalSection
EndGlobal
